
Microsoft Visual Studio Solution File, Format Version 12.00
# Visual Studio Version 17
VisualStudioVersion = 17.4.33103.184
MinimumVisualStudioVersion = 10.0.40219.1
Project("{FAE04EC0-301F-11D3-BF4B-00C04F79EFBC}") = "ManageStuffDBApp", "ManageStuffDBApp.csproj", "{861C9D7B-AA4B-4E94-A89C-BFB0610F61CE}"
EndProject
Global
	GlobalSection(SolutionConfigurationPlatforms) = preSolution
		Debug|Any CPU = Debug|Any CPU
		Release|Any CPU = Release|Any CPU
	EndGlobalSection
	GlobalSection(ProjectConfigurationPlatforms) = postSolution
		{861C9D7B-AA4B-4E94-A89C-BFB0610F61CE}.Debug|Any CPU.ActiveCfg = Debug|Any CPU
		{861C9D7B-AA4B-4E94-A89C-BFB0610F61CE}.Debug|Any CPU.Build.0 = Debug|Any CPU
		{861C9D7B-AA4B-4E94-A89C-BFB0610F61CE}.Release|Any CPU.ActiveCfg = Release|Any CPU
		{861C9D7B-AA4B-4E94-A89C-BFB0610F61CE}.Release|Any CPU.Build.0 = Release|Any CPU
	EndGlobalSection
	GlobalSection(SolutionProperties) = preSolution
		HideSolutionNode = FALSE
	EndGlobalSection
	GlobalSection(ExtensibilityGlobals) = postSolution
		SolutionGuid = {E2864A7B-333E-45B7-8267-AD68A4D94EC5}
	EndGlobalSection
EndGlobal
